// !$*UTF8*$!
{
	archiveVersion = 1;
	classes = {
	};
	objectVersion = 56;
	objects = {

/* Begin PBXBuildFile section */
		B7D714C52B3B441A007FD89F /* BikeStatApp.swift in Sources */ = {isa = PBXBuildFile; fileRef = B7D714C42B3B441A007FD89F /* BikeStatApp.swift */; };
		B7D714C72B3B441A007FD89F /* HomeView.swift in Sources */ = {isa = PBXBuildFile; fileRef = B7D714C62B3B441A007FD89F /* HomeView.swift */; };
		B7D714C92B3B441B007FD89F /* Assets.xcassets in Resources */ = {isa = PBXBuildFile; fileRef = B7D714C82B3B441B007FD89F /* Assets.xcassets */; };
		B7D714CC2B3B441B007FD89F /* Preview Assets.xcassets in Resources */ = {isa = PBXBuildFile; fileRef = B7D714CB2B3B441B007FD89F /* Preview Assets.xcassets */; };
		B7FE794F2B3DBF8200693CB2 /* Localizable.swift in Sources */ = {isa = PBXBuildFile; fileRef = B7FE794E2B3DBF8200693CB2 /* Localizable.swift */; };
		B7FE79512B3DBF8600693CB2 /* Strings.swift in Sources */ = {isa = PBXBuildFile; fileRef = B7FE79502B3DBF8600693CB2 /* Strings.swift */; };
		B7FE79532B3DBF8B00693CB2 /* Images.swift in Sources */ = {isa = PBXBuildFile; fileRef = B7FE79522B3DBF8B00693CB2 /* Images.swift */; };
		B7FE79562B3DC00100693CB2 /* View+Ext.swift in Sources */ = {isa = PBXBuildFile; fileRef = B7FE79552B3DC00100693CB2 /* View+Ext.swift */; };
		B7FE79582B3DC02300693CB2 /* Internal+Ext.swift in Sources */ = {isa = PBXBuildFile; fileRef = B7FE79572B3DC02300693CB2 /* Internal+Ext.swift */; };
		B7FE795B2B3DC06900693CB2 /* ImpactManager.swift in Sources */ = {isa = PBXBuildFile; fileRef = B7FE795A2B3DC06900693CB2 /* ImpactManager.swift */; };
		B7FE795E2B3DC09300693CB2 /* LocationManager.swift in Sources */ = {isa = PBXBuildFile; fileRef = B7FE795D2B3DC09300693CB2 /* LocationManager.swift */; };
		B7FE79612B3DC0A600693CB2 /* CoreDataManager.swift in Sources */ = {isa = PBXBuildFile; fileRef = B7FE79602B3DC0A600693CB2 /* CoreDataManager.swift */; };
		B7FE79642B3DC0BC00693CB2 /* NetworkManager.swift in Sources */ = {isa = PBXBuildFile; fileRef = B7FE79632B3DC0BC00693CB2 /* NetworkManager.swift */; };
		B7FE79672B3DC0E300693CB2 /* NavigationManager.swift in Sources */ = {isa = PBXBuildFile; fileRef = B7FE79662B3DC0E300693CB2 /* NavigationManager.swift */; };
		B7FE796B2B3DC15300693CB2 /* MainButtonStyle.swift in Sources */ = {isa = PBXBuildFile; fileRef = B7FE796A2B3DC15300693CB2 /* MainButtonStyle.swift */; };
		B7FE796F2B3DC18900693CB2 /* MainNavigationView.swift in Sources */ = {isa = PBXBuildFile; fileRef = B7FE796E2B3DC18900693CB2 /* MainNavigationView.swift */; };
/* End PBXBuildFile section */

/* Begin PBXFileReference section */
		B7D714C12B3B441A007FD89F /* BikeStat.app */ = {isa = PBXFileReference; explicitFileType = wrapper.application; includeInIndex = 0; path = BikeStat.app; sourceTree = BUILT_PRODUCTS_DIR; };
		B7D714C42B3B441A007FD89F /* BikeStatApp.swift */ = {isa = PBXFileReference; lastKnownFileType = sourcecode.swift; path = BikeStatApp.swift; sourceTree = "<group>"; };
		B7D714C62B3B441A007FD89F /* HomeView.swift */ = {isa = PBXFileReference; lastKnownFileType = sourcecode.swift; path = HomeView.swift; sourceTree = "<group>"; };
		B7D714C82B3B441B007FD89F /* Assets.xcassets */ = {isa = PBXFileReference; lastKnownFileType = folder.assetcatalog; path = Assets.xcassets; sourceTree = "<group>"; };
		B7D714CB2B3B441B007FD89F /* Preview Assets.xcassets */ = {isa = PBXFileReference; lastKnownFileType = folder.assetcatalog; path = "Preview Assets.xcassets"; sourceTree = "<group>"; };
		B7FE794E2B3DBF8200693CB2 /* Localizable.swift */ = {isa = PBXFileReference; lastKnownFileType = sourcecode.swift; path = Localizable.swift; sourceTree = "<group>"; };
		B7FE79502B3DBF8600693CB2 /* Strings.swift */ = {isa = PBXFileReference; lastKnownFileType = sourcecode.swift; path = Strings.swift; sourceTree = "<group>"; };
		B7FE79522B3DBF8B00693CB2 /* Images.swift */ = {isa = PBXFileReference; lastKnownFileType = sourcecode.swift; path = Images.swift; sourceTree = "<group>"; };
		B7FE79552B3DC00100693CB2 /* View+Ext.swift */ = {isa = PBXFileReference; lastKnownFileType = sourcecode.swift; path = "View+Ext.swift"; sourceTree = "<group>"; };
		B7FE79572B3DC02300693CB2 /* Internal+Ext.swift */ = {isa = PBXFileReference; lastKnownFileType = sourcecode.swift; path = "Internal+Ext.swift"; sourceTree = "<group>"; };
		B7FE795A2B3DC06900693CB2 /* ImpactManager.swift */ = {isa = PBXFileReference; lastKnownFileType = sourcecode.swift; path = ImpactManager.swift; sourceTree = "<group>"; };
		B7FE795D2B3DC09300693CB2 /* LocationManager.swift */ = {isa = PBXFileReference; lastKnownFileType = sourcecode.swift; path = LocationManager.swift; sourceTree = "<group>"; };
		B7FE79602B3DC0A600693CB2 /* CoreDataManager.swift */ = {isa = PBXFileReference; lastKnownFileType = sourcecode.swift; path = CoreDataManager.swift; sourceTree = "<group>"; };
		B7FE79632B3DC0BC00693CB2 /* NetworkManager.swift */ = {isa = PBXFileReference; lastKnownFileType = sourcecode.swift; path = NetworkManager.swift; sourceTree = "<group>"; };
		B7FE79662B3DC0E300693CB2 /* NavigationManager.swift */ = {isa = PBXFileReference; lastKnownFileType = sourcecode.swift; path = NavigationManager.swift; sourceTree = "<group>"; };
		B7FE796A2B3DC15300693CB2 /* MainButtonStyle.swift */ = {isa = PBXFileReference; lastKnownFileType = sourcecode.swift; path = MainButtonStyle.swift; sourceTree = "<group>"; };
		B7FE796E2B3DC18900693CB2 /* MainNavigationView.swift */ = {isa = PBXFileReference; lastKnownFileType = sourcecode.swift; path = MainNavigationView.swift; sourceTree = "<group>"; };
/* End PBXFileReference section */

/* Begin PBXFrameworksBuildPhase section */
		B7D714BE2B3B441A007FD89F /* Frameworks */ = {
			isa = PBXFrameworksBuildPhase;
			buildActionMask = 2147483647;
			files = (
			);
			runOnlyForDeploymentPostprocessing = 0;
		};
/* End PBXFrameworksBuildPhase section */

/* Begin PBXGroup section */
		B7D714B82B3B441A007FD89F = {
			isa = PBXGroup;
			children = (
				B7D714C32B3B441A007FD89F /* BikeStat */,
				B7D714C22B3B441A007FD89F /* Products */,
			);
			sourceTree = "<group>";
		};
		B7D714C22B3B441A007FD89F /* Products */ = {
			isa = PBXGroup;
			children = (
				B7D714C12B3B441A007FD89F /* BikeStat.app */,
			);
			name = Products;
			sourceTree = "<group>";
		};
		B7D714C32B3B441A007FD89F /* BikeStat */ = {
			isa = PBXGroup;
			children = (
				B7D714C42B3B441A007FD89F /* BikeStatApp.swift */,
				B7FE794C2B3DBF4700693CB2 /* Common */,
				B7FE794B2B3DBF4300693CB2 /* Service */,
				B7FE794A2B3DBF3E00693CB2 /* Extension */,
				B7FE79492B3DBF3600693CB2 /* Presentation */,
			);
			path = BikeStat;
			sourceTree = "<group>";
		};
		B7D714CA2B3B441B007FD89F /* Preview Content */ = {
			isa = PBXGroup;
			children = (
				B7D714CB2B3B441B007FD89F /* Preview Assets.xcassets */,
			);
			path = "Preview Content";
			sourceTree = "<group>";
		};
		B7FE79492B3DBF3600693CB2 /* Presentation */ = {
			isa = PBXGroup;
			children = (
				B7FE79682B3DC12600693CB2 /* Components */,
				B7FE796C2B3DC17200693CB2 /* Modules */,
			);
			path = Presentation;
			sourceTree = "<group>";
		};
		B7FE794A2B3DBF3E00693CB2 /* Extension */ = {
			isa = PBXGroup;
			children = (
				B7FE79552B3DC00100693CB2 /* View+Ext.swift */,
				B7FE79572B3DC02300693CB2 /* Internal+Ext.swift */,
			);
			path = Extension;
			sourceTree = "<group>";
		};
		B7FE794B2B3DBF4300693CB2 /* Service */ = {
			isa = PBXGroup;
			children = (
				B7FE79652B3DC0DA00693CB2 /* Navigation */,
				B7FE79622B3DC0B400693CB2 /* Network */,
				B7FE795F2B3DC09F00693CB2 /* Storage */,
				B7FE795C2B3DC08D00693CB2 /* Location */,
				B7FE79592B3DC06100693CB2 /* Impact */,
			);
			path = Service;
			sourceTree = "<group>";
		};
		B7FE794C2B3DBF4700693CB2 /* Common */ = {
			isa = PBXGroup;
			children = (
				B7D714CA2B3B441B007FD89F /* Preview Content */,
				B7FE794D2B3DBF5B00693CB2 /* Assets */,
				B7FE794E2B3DBF8200693CB2 /* Localizable.swift */,
				B7FE79502B3DBF8600693CB2 /* Strings.swift */,
				B7FE79522B3DBF8B00693CB2 /* Images.swift */,
			);
			path = Common;
			sourceTree = "<group>";
		};
		B7FE794D2B3DBF5B00693CB2 /* Assets */ = {
			isa = PBXGroup;
			children = (
				B7D714C82B3B441B007FD89F /* Assets.xcassets */,
			);
			path = Assets;
			sourceTree = "<group>";
		};
		B7FE79542B3DBFD200693CB2 /* Home */ = {
			isa = PBXGroup;
			children = (
				B7D714C62B3B441A007FD89F /* HomeView.swift */,
			);
			path = Home;
			sourceTree = "<group>";
		};
		B7FE79592B3DC06100693CB2 /* Impact */ = {
			isa = PBXGroup;
			children = (
				B7FE795A2B3DC06900693CB2 /* ImpactManager.swift */,
			);
			path = Impact;
			sourceTree = "<group>";
		};
		B7FE795C2B3DC08D00693CB2 /* Location */ = {
			isa = PBXGroup;
			children = (
				B7FE795D2B3DC09300693CB2 /* LocationManager.swift */,
			);
			path = Location;
			sourceTree = "<group>";
		};
		B7FE795F2B3DC09F00693CB2 /* Storage */ = {
			isa = PBXGroup;
			children = (
				B7FE79602B3DC0A600693CB2 /* CoreDataManager.swift */,
			);
			path = Storage;
			sourceTree = "<group>";
		};
		B7FE79622B3DC0B400693CB2 /* Network */ = {
			isa = PBXGroup;
			children = (
				B7FE79632B3DC0BC00693CB2 /* NetworkManager.swift */,
			);
			path = Network;
			sourceTree = "<group>";
		};
		B7FE79652B3DC0DA00693CB2 /* Navigation */ = {
			isa = PBXGroup;
			children = (
				B7FE79662B3DC0E300693CB2 /* NavigationManager.swift */,
			);
			path = Navigation;
			sourceTree = "<group>";
		};
		B7FE79682B3DC12600693CB2 /* Components */ = {
			isa = PBXGroup;
			children = (
				B7FE79692B3DC13300693CB2 /* ButtonStyles */,
			);
			path = Components;
			sourceTree = "<group>";
		};
		B7FE79692B3DC13300693CB2 /* ButtonStyles */ = {
			isa = PBXGroup;
			children = (
				B7FE796A2B3DC15300693CB2 /* MainButtonStyle.swift */,
			);
			path = ButtonStyles;
			sourceTree = "<group>";
		};
		B7FE796C2B3DC17200693CB2 /* Modules */ = {
			isa = PBXGroup;
			children = (
				B7FE796D2B3DC17C00693CB2 /* Navigation */,
				B7FE79542B3DBFD200693CB2 /* Home */,
			);
			path = Modules;
			sourceTree = "<group>";
		};
		B7FE796D2B3DC17C00693CB2 /* Navigation */ = {
			isa = PBXGroup;
			children = (
				B7FE796E2B3DC18900693CB2 /* MainNavigationView.swift */,
			);
			path = Navigation;
			sourceTree = "<group>";
		};
/* End PBXGroup section */

/* Begin PBXNativeTarget section */
		B7D714C02B3B441A007FD89F /* BikeStat */ = {
			isa = PBXNativeTarget;
			buildConfigurationList = B7D714CF2B3B441B007FD89F /* Build configuration list for PBXNativeTarget "BikeStat" */;
			buildPhases = (
				B7D714BD2B3B441A007FD89F /* Sources */,
				B7D714BE2B3B441A007FD89F /* Frameworks */,
				B7D714BF2B3B441A007FD89F /* Resources */,
			);
			buildRules = (
			);
			dependencies = (
			);
			name = BikeStat;
			productName = BikeStat;
			productReference = B7D714C12B3B441A007FD89F /* BikeStat.app */;
			productType = "com.apple.product-type.application";
		};
/* End PBXNativeTarget section */

/* Begin PBXProject section */
		B7D714B92B3B441A007FD89F /* Project object */ = {
			isa = PBXProject;
			attributes = {
				BuildIndependentTargetsInParallel = 1;
				LastSwiftUpdateCheck = 1500;
				LastUpgradeCheck = 1500;
				TargetAttributes = {
					B7D714C02B3B441A007FD89F = {
						CreatedOnToolsVersion = 15.0;
					};
				};
			};
			buildConfigurationList = B7D714BC2B3B441A007FD89F /* Build configuration list for PBXProject "BikeStat" */;
			compatibilityVersion = "Xcode 14.0";
			developmentRegion = en;
			hasScannedForEncodings = 0;
			knownRegions = (
				en,
				Base,
			);
			mainGroup = B7D714B82B3B441A007FD89F;
			productRefGroup = B7D714C22B3B441A007FD89F /* Products */;
			projectDirPath = "";
			projectRoot = "";
			targets = (
				B7D714C02B3B441A007FD89F /* BikeStat */,
			);
		};
/* End PBXProject section */

/* Begin PBXResourcesBuildPhase section */
		B7D714BF2B3B441A007FD89F /* Resources */ = {
			isa = PBXResourcesBuildPhase;
			buildActionMask = 2147483647;
			files = (
				B7D714CC2B3B441B007FD89F /* Preview Assets.xcassets in Resources */,
				B7D714C92B3B441B007FD89F /* Assets.xcassets in Resources */,
			);
			runOnlyForDeploymentPostprocessing = 0;
		};
/* End PBXResourcesBuildPhase section */

/* Begin PBXSourcesBuildPhase section */
		B7D714BD2B3B441A007FD89F /* Sources */ = {
			isa = PBXSourcesBuildPhase;
			buildActionMask = 2147483647;
			files = (
				B7D714C72B3B441A007FD89F /* HomeView.swift in Sources */,
				B7FE794F2B3DBF8200693CB2 /* Localizable.swift in Sources */,
				B7FE796B2B3DC15300693CB2 /* MainButtonStyle.swift in Sources */,
				B7FE79562B3DC00100693CB2 /* View+Ext.swift in Sources */,
				B7FE79532B3DBF8B00693CB2 /* Images.swift in Sources */,
				B7FE79642B3DC0BC00693CB2 /* NetworkManager.swift in Sources */,
				B7FE79672B3DC0E300693CB2 /* NavigationManager.swift in Sources */,
				B7FE79512B3DBF8600693CB2 /* Strings.swift in Sources */,
				B7D714C52B3B441A007FD89F /* BikeStatApp.swift in Sources */,
				B7FE796F2B3DC18900693CB2 /* MainNavigationView.swift in Sources */,
				B7FE79582B3DC02300693CB2 /* Internal+Ext.swift in Sources */,
				B7FE795B2B3DC06900693CB2 /* ImpactManager.swift in Sources */,
				B7FE79612B3DC0A600693CB2 /* CoreDataManager.swift in Sources */,
				B7FE795E2B3DC09300693CB2 /* LocationManager.swift in Sources */,
			);
			runOnlyForDeploymentPostprocessing = 0;
		};
/* End PBXSourcesBuildPhase section */

/* Begin XCBuildConfiguration section */
		B7D714CD2B3B441B007FD89F /* Debug */ = {
			isa = XCBuildConfiguration;
			buildSettings = {
				ALWAYS_SEARCH_USER_PATHS = NO;
				ASSETCATALOG_COMPILER_GENERATE_SWIFT_ASSET_SYMBOL_EXTENSIONS = YES;
				CLANG_ANALYZER_NONNULL = YES;
				CLANG_ANALYZER_NUMBER_OBJECT_CONVERSION = YES_AGGRESSIVE;
				CLANG_CXX_LANGUAGE_STANDARD = "gnu++20";
				CLANG_ENABLE_MODULES = YES;
				CLANG_ENABLE_OBJC_ARC = YES;
				CLANG_ENABLE_OBJC_WEAK = YES;
				CLANG_WARN_BLOCK_CAPTURE_AUTORELEASING = YES;
				CLANG_WARN_BOOL_CONVERSION = YES;
				CLANG_WARN_COMMA = YES;
				CLANG_WARN_CONSTANT_CONVERSION = YES;
				CLANG_WARN_DEPRECATED_OBJC_IMPLEMENTATIONS = YES;
				CLANG_WARN_DIRECT_OBJC_ISA_USAGE = YES_ERROR;
				CLANG_WARN_DOCUMENTATION_COMMENTS = YES;
				CLANG_WARN_EMPTY_BODY = YES;
				CLANG_WARN_ENUM_CONVERSION = YES;
				CLANG_WARN_INFINITE_RECURSION = YES;
				CLANG_WARN_INT_CONVERSION = YES;
				CLANG_WARN_NON_LITERAL_NULL_CONVERSION = YES;
				CLANG_WARN_OBJC_IMPLICIT_RETAIN_SELF = YES;
				CLANG_WARN_OBJC_LITERAL_CONVERSION = YES;
				CLANG_WARN_OBJC_ROOT_CLASS = YES_ERROR;
				CLANG_WARN_QUOTED_INCLUDE_IN_FRAMEWORK_HEADER = YES;
				CLANG_WARN_RANGE_LOOP_ANALYSIS = YES;
				CLANG_WARN_STRICT_PROTOTYPES = YES;
				CLANG_WARN_SUSPICIOUS_MOVE = YES;
				CLANG_WARN_UNGUARDED_AVAILABILITY = YES_AGGRESSIVE;
				CLANG_WARN_UNREACHABLE_CODE = YES;
				CLANG_WARN__DUPLICATE_METHOD_MATCH = YES;
				COPY_PHASE_STRIP = NO;
				DEBUG_INFORMATION_FORMAT = dwarf;
				ENABLE_STRICT_OBJC_MSGSEND = YES;
				ENABLE_TESTABILITY = YES;
				ENABLE_USER_SCRIPT_SANDBOXING = YES;
				GCC_C_LANGUAGE_STANDARD = gnu17;
				GCC_DYNAMIC_NO_PIC = NO;
				GCC_NO_COMMON_BLOCKS = YES;
				GCC_OPTIMIZATION_LEVEL = 0;
				GCC_PREPROCESSOR_DEFINITIONS = (
					"DEBUG=1",
					"$(inherited)",
				);
				GCC_WARN_64_TO_32_BIT_CONVERSION = YES;
				GCC_WARN_ABOUT_RETURN_TYPE = YES_ERROR;
				GCC_WARN_UNDECLARED_SELECTOR = YES;
				GCC_WARN_UNINITIALIZED_AUTOS = YES_AGGRESSIVE;
				GCC_WARN_UNUSED_FUNCTION = YES;
				GCC_WARN_UNUSED_VARIABLE = YES;
				IPHONEOS_DEPLOYMENT_TARGET = 17.0;
				LOCALIZATION_PREFERS_STRING_CATALOGS = YES;
				MTL_ENABLE_DEBUG_INFO = INCLUDE_SOURCE;
				MTL_FAST_MATH = YES;
				ONLY_ACTIVE_ARCH = YES;
				SDKROOT = iphoneos;
				SWIFT_ACTIVE_COMPILATION_CONDITIONS = "DEBUG $(inherited)";
				SWIFT_OPTIMIZATION_LEVEL = "-Onone";
			};
			name = Debug;
		};
		B7D714CE2B3B441B007FD89F /* Release */ = {
			isa = XCBuildConfiguration;
			buildSettings = {
				ALWAYS_SEARCH_USER_PATHS = NO;
				ASSETCATALOG_COMPILER_GENERATE_SWIFT_ASSET_SYMBOL_EXTENSIONS = YES;
				CLANG_ANALYZER_NONNULL = YES;
				CLANG_ANALYZER_NUMBER_OBJECT_CONVERSION = YES_AGGRESSIVE;
				CLANG_CXX_LANGUAGE_STANDARD = "gnu++20";
				CLANG_ENABLE_MODULES = YES;
				CLANG_ENABLE_OBJC_ARC = YES;
				CLANG_ENABLE_OBJC_WEAK = YES;
				CLANG_WARN_BLOCK_CAPTURE_AUTORELEASING = YES;
				CLANG_WARN_BOOL_CONVERSION = YES;
				CLANG_WARN_COMMA = YES;
				CLANG_WARN_CONSTANT_CONVERSION = YES;
				CLANG_WARN_DEPRECATED_OBJC_IMPLEMENTATIONS = YES;
				CLANG_WARN_DIRECT_OBJC_ISA_USAGE = YES_ERROR;
				CLANG_WARN_DOCUMENTATION_COMMENTS = YES;
				CLANG_WARN_EMPTY_BODY = YES;
				CLANG_WARN_ENUM_CONVERSION = YES;
				CLANG_WARN_INFINITE_RECURSION = YES;
				CLANG_WARN_INT_CONVERSION = YES;
				CLANG_WARN_NON_LITERAL_NULL_CONVERSION = YES;
				CLANG_WARN_OBJC_IMPLICIT_RETAIN_SELF = YES;
				CLANG_WARN_OBJC_LITERAL_CONVERSION = YES;
				CLANG_WARN_OBJC_ROOT_CLASS = YES_ERROR;
				CLANG_WARN_QUOTED_INCLUDE_IN_FRAMEWORK_HEADER = YES;
				CLANG_WARN_RANGE_LOOP_ANALYSIS = YES;
				CLANG_WARN_STRICT_PROTOTYPES = YES;
				CLANG_WARN_SUSPICIOUS_MOVE = YES;
				CLANG_WARN_UNGUARDED_AVAILABILITY = YES_AGGRESSIVE;
				CLANG_WARN_UNREACHABLE_CODE = YES;
				CLANG_WARN__DUPLICATE_METHOD_MATCH = YES;
				COPY_PHASE_STRIP = NO;
				DEBUG_INFORMATION_FORMAT = "dwarf-with-dsym";
				ENABLE_NS_ASSERTIONS = NO;
				ENABLE_STRICT_OBJC_MSGSEND = YES;
				ENABLE_USER_SCRIPT_SANDBOXING = YES;
				GCC_C_LANGUAGE_STANDARD = gnu17;
				GCC_NO_COMMON_BLOCKS = YES;
				GCC_WARN_64_TO_32_BIT_CONVERSION = YES;
				GCC_WARN_ABOUT_RETURN_TYPE = YES_ERROR;
				GCC_WARN_UNDECLARED_SELECTOR = YES;
				GCC_WARN_UNINITIALIZED_AUTOS = YES_AGGRESSIVE;
				GCC_WARN_UNUSED_FUNCTION = YES;
				GCC_WARN_UNUSED_VARIABLE = YES;
				IPHONEOS_DEPLOYMENT_TARGET = 17.0;
				LOCALIZATION_PREFERS_STRING_CATALOGS = YES;
				MTL_ENABLE_DEBUG_INFO = NO;
				MTL_FAST_MATH = YES;
				SDKROOT = iphoneos;
				SWIFT_COMPILATION_MODE = wholemodule;
				VALIDATE_PRODUCT = YES;
			};
			name = Release;
		};
		B7D714D02B3B441B007FD89F /* Debug */ = {
			isa = XCBuildConfiguration;
			buildSettings = {
				ASSETCATALOG_COMPILER_APPICON_NAME = AppIcon;
				ASSETCATALOG_COMPILER_GLOBAL_ACCENT_COLOR_NAME = AccentColor;
				CODE_SIGN_STYLE = Automatic;
				CURRENT_PROJECT_VERSION = 1;
				DEVELOPMENT_ASSET_PATHS = "\"BikeStat/Common/Preview Content\"";
				DEVELOPMENT_TEAM = 7HDF545ZQ6;
				ENABLE_PREVIEWS = YES;
				GENERATE_INFOPLIST_FILE = YES;
				INFOPLIST_KEY_UIApplicationSceneManifest_Generation = YES;
				INFOPLIST_KEY_UIApplicationSupportsIndirectInputEvents = YES;
				INFOPLIST_KEY_UILaunchScreen_Generation = YES;
				INFOPLIST_KEY_UISupportedInterfaceOrientations_iPad = "UIInterfaceOrientationPortrait UIInterfaceOrientationPortraitUpsideDown UIInterfaceOrientationLandscapeLeft UIInterfaceOrientationLandscapeRight";
				INFOPLIST_KEY_UISupportedInterfaceOrientations_iPhone = "UIInterfaceOrientationPortrait UIInterfaceOrientationLandscapeLeft UIInterfaceOrientationLandscapeRight";
				IPHONEOS_DEPLOYMENT_TARGET = 16.0;
				LD_RUNPATH_SEARCH_PATHS = (
					"$(inherited)",
					"@executable_path/Frameworks",
				);
				MARKETING_VERSION = 1.0;
				PRODUCT_BUNDLE_IDENTIFIER = kupriyanov.BikeStat;
				PRODUCT_NAME = "$(TARGET_NAME)";
				SWIFT_EMIT_LOC_STRINGS = YES;
				SWIFT_VERSION = 5.0;
				TARGETED_DEVICE_FAMILY = "1,2";
			};
			name = Debug;
		};
		B7D714D12B3B441B007FD89F /* Release */ = {
			isa = XCBuildConfiguration;
			buildSettings = {
				ASSETCATALOG_COMPILER_APPICON_NAME = AppIcon;
				ASSETCATALOG_COMPILER_GLOBAL_ACCENT_COLOR_NAME = AccentColor;
				CODE_SIGN_STYLE = Automatic;
				CURRENT_PROJECT_VERSION = 1;
				DEVELOPMENT_ASSET_PATHS = "\"BikeStat/Common/Preview Content\"";
				DEVELOPMENT_TEAM = 7HDF545ZQ6;
				ENABLE_PREVIEWS = YES;
				GENERATE_INFOPLIST_FILE = YES;
				INFOPLIST_KEY_UIApplicationSceneManifest_Generation = YES;
				INFOPLIST_KEY_UIApplicationSupportsIndirectInputEvents = YES;
				INFOPLIST_KEY_UILaunchScreen_Generation = YES;
				INFOPLIST_KEY_UISupportedInterfaceOrientations_iPad = "UIInterfaceOrientationPortrait UIInterfaceOrientationPortraitUpsideDown UIInterfaceOrientationLandscapeLeft UIInterfaceOrientationLandscapeRight";
				INFOPLIST_KEY_UISupportedInterfaceOrientations_iPhone = "UIInterfaceOrientationPortrait UIInterfaceOrientationLandscapeLeft UIInterfaceOrientationLandscapeRight";
				IPHONEOS_DEPLOYMENT_TARGET = 16.0;
				LD_RUNPATH_SEARCH_PATHS = (
					"$(inherited)",
					"@executable_path/Frameworks",
				);
				MARKETING_VERSION = 1.0;
				PRODUCT_BUNDLE_IDENTIFIER = kupriyanov.BikeStat;
				PRODUCT_NAME = "$(TARGET_NAME)";
				SWIFT_EMIT_LOC_STRINGS = YES;
				SWIFT_VERSION = 5.0;
				TARGETED_DEVICE_FAMILY = "1,2";
			};
			name = Release;
		};
/* End XCBuildConfiguration section */

/* Begin XCConfigurationList section */
		B7D714BC2B3B441A007FD89F /* Build configuration list for PBXProject "BikeStat" */ = {
			isa = XCConfigurationList;
			buildConfigurations = (
				B7D714CD2B3B441B007FD89F /* Debug */,
				B7D714CE2B3B441B007FD89F /* Release */,
			);
			defaultConfigurationIsVisible = 0;
			defaultConfigurationName = Release;
		};
		B7D714CF2B3B441B007FD89F /* Build configuration list for PBXNativeTarget "BikeStat" */ = {
			isa = XCConfigurationList;
			buildConfigurations = (
				B7D714D02B3B441B007FD89F /* Debug */,
				B7D714D12B3B441B007FD89F /* Release */,
			);
			defaultConfigurationIsVisible = 0;
			defaultConfigurationName = Release;
		};
/* End XCConfigurationList section */
	};
	rootObject = B7D714B92B3B441A007FD89F /* Project object */;
}
