// !$*UTF8*$!
{
	archiveVersion = 1;
	classes = {
	};
	objectVersion = 56;
	objects = {

/* Begin PBXBuildFile section */
		B71F69CA2B5C81DC0041372C /* BikeStatApp.swift in Sources */ = {isa = PBXBuildFile; fileRef = B71F69C92B5C81DC0041372C /* BikeStatApp.swift */; };
		B71F69CD2B5C832E0041372C /* HistoryView.swift in Sources */ = {isa = PBXBuildFile; fileRef = B71F69CC2B5C832E0041372C /* HistoryView.swift */; };
		B75555032B4AB2CE003B93E3 /* Color.swift in Sources */ = {isa = PBXBuildFile; fileRef = B75555022B4AB2CE003B93E3 /* Color.swift */; };
		B75555092B4AFC3D003B93E3 /* SettingsView.swift in Sources */ = {isa = PBXBuildFile; fileRef = B75555082B4AFC3D003B93E3 /* SettingsView.swift */; };
		B755550B2B4AFC5E003B93E3 /* SettingsViewModel.swift in Sources */ = {isa = PBXBuildFile; fileRef = B755550A2B4AFC5E003B93E3 /* SettingsViewModel.swift */; };
		B75CB6682B445EEC00CDF026 /* Date.swift in Sources */ = {isa = PBXBuildFile; fileRef = B75CB62F2B445EEB00CDF026 /* Date.swift */; };
		B75CB6692B445EEC00CDF026 /* View.swift in Sources */ = {isa = PBXBuildFile; fileRef = B75CB6302B445EEB00CDF026 /* View.swift */; };
		B75CB66A2B445EEC00CDF026 /* Int.swift in Sources */ = {isa = PBXBuildFile; fileRef = B75CB6312B445EEB00CDF026 /* Int.swift */; };
		B75CB66B2B445EEC00CDF026 /* Internal.swift in Sources */ = {isa = PBXBuildFile; fileRef = B75CB6322B445EEB00CDF026 /* Internal.swift */; };
		B75CB66C2B445EEC00CDF026 /* UINavigationController.swift in Sources */ = {isa = PBXBuildFile; fileRef = B75CB6332B445EEB00CDF026 /* UINavigationController.swift */; };
		B75CB66D2B445EEC00CDF026 /* MainButtonStyle.swift in Sources */ = {isa = PBXBuildFile; fileRef = B75CB6372B445EEC00CDF026 /* MainButtonStyle.swift */; };
		B75CB6702B445EEC00CDF026 /* RepresentableMapView.swift in Sources */ = {isa = PBXBuildFile; fileRef = B75CB63D2B445EEC00CDF026 /* RepresentableMapView.swift */; };
		B75CB6712B445EEC00CDF026 /* HomeViewModel.swift in Sources */ = {isa = PBXBuildFile; fileRef = B75CB6402B445EEC00CDF026 /* HomeViewModel.swift */; };
		B75CB6722B445EEC00CDF026 /* HomeView.swift in Sources */ = {isa = PBXBuildFile; fileRef = B75CB6412B445EEC00CDF026 /* HomeView.swift */; };
		B75CB6732B445EEC00CDF026 /* RideView.swift in Sources */ = {isa = PBXBuildFile; fileRef = B75CB6432B445EEC00CDF026 /* RideView.swift */; };
		B75CB6742B445EEC00CDF026 /* RideViewModel.swift in Sources */ = {isa = PBXBuildFile; fileRef = B75CB6442B445EEC00CDF026 /* RideViewModel.swift */; };
		B75CB6762B445EEC00CDF026 /* MainNavigationView.swift in Sources */ = {isa = PBXBuildFile; fileRef = B75CB6482B445EEC00CDF026 /* MainNavigationView.swift */; };
		B75CB6772B445EEC00CDF026 /* LocationManager.swift in Sources */ = {isa = PBXBuildFile; fileRef = B75CB64B2B445EEC00CDF026 /* LocationManager.swift */; };
		B75CB6782B445EEC00CDF026 /* NetworkManager.swift in Sources */ = {isa = PBXBuildFile; fileRef = B75CB64D2B445EEC00CDF026 /* NetworkManager.swift */; };
		B75CB6792B445EEC00CDF026 /* NetworkDataModels.swift in Sources */ = {isa = PBXBuildFile; fileRef = B75CB64F2B445EEC00CDF026 /* NetworkDataModels.swift */; };
		B75CB67A2B445EEC00CDF026 /* NavigationManager.swift in Sources */ = {isa = PBXBuildFile; fileRef = B75CB6512B445EEC00CDF026 /* NavigationManager.swift */; };
		B75CB67B2B445EEC00CDF026 /* CoreDataManager.swift in Sources */ = {isa = PBXBuildFile; fileRef = B75CB6532B445EEC00CDF026 /* CoreDataManager.swift */; };
		B75CB67C2B445EEC00CDF026 /* Persistence.swift in Sources */ = {isa = PBXBuildFile; fileRef = B75CB6542B445EEC00CDF026 /* Persistence.swift */; };
		B75CB67D2B445EEC00CDF026 /* Rides.xcdatamodeld in Sources */ = {isa = PBXBuildFile; fileRef = B75CB6562B445EEC00CDF026 /* Rides.xcdatamodeld */; };
		B75CB67E2B445EEC00CDF026 /* RideSpeedInfoModel.swift in Sources */ = {isa = PBXBuildFile; fileRef = B75CB6592B445EEC00CDF026 /* RideSpeedInfoModel.swift */; };
		B75CB67F2B445EEC00CDF026 /* RidePulseInfoModel.swift in Sources */ = {isa = PBXBuildFile; fileRef = B75CB65A2B445EEC00CDF026 /* RidePulseInfoModel.swift */; };
		B75CB6802B445EEC00CDF026 /* Impact.swift in Sources */ = {isa = PBXBuildFile; fileRef = B75CB65C2B445EEC00CDF026 /* Impact.swift */; };
		B75CB6822B445EEC00CDF026 /* Strings.swift in Sources */ = {isa = PBXBuildFile; fileRef = B75CB65F2B445EEC00CDF026 /* Strings.swift */; };
		B75CB6832B445EEC00CDF026 /* Assets.xcassets in Resources */ = {isa = PBXBuildFile; fileRef = B75CB6602B445EEC00CDF026 /* Assets.xcassets */; };
		B75CB6842B445EEC00CDF026 /* Preview Assets.xcassets in Resources */ = {isa = PBXBuildFile; fileRef = B75CB6622B445EEC00CDF026 /* Preview Assets.xcassets */; };
		B75CB6862B445EEC00CDF026 /* Images.swift in Sources */ = {isa = PBXBuildFile; fileRef = B75CB6652B445EEC00CDF026 /* Images.swift */; };
		B75CB6872B445EEC00CDF026 /* Localizable.swift in Sources */ = {isa = PBXBuildFile; fileRef = B75CB6672B445EEC00CDF026 /* Localizable.swift */; };
		B77F82D92B5D60320044EDB3 /* TimeInterval.swift in Sources */ = {isa = PBXBuildFile; fileRef = B77F82D82B5D60320044EDB3 /* TimeInterval.swift */; };
		B79DDF6E2B5C63C200EC9123 /* PlanningViewModel.swift in Sources */ = {isa = PBXBuildFile; fileRef = B79DDF6D2B5C63C100EC9123 /* PlanningViewModel.swift */; };
		B7AA14032B52F7E5009616CD /* RideInfoView.swift in Sources */ = {isa = PBXBuildFile; fileRef = B7AA14022B52F7E5009616CD /* RideInfoView.swift */; };
		B7E7263A2B598F7D00127692 /* PlanningView.swift in Sources */ = {isa = PBXBuildFile; fileRef = B7E726392B598F7D00127692 /* PlanningView.swift */; };
		B7E7263D2B59A4D800127692 /* RoundedShape.swift in Sources */ = {isa = PBXBuildFile; fileRef = B7E7263C2B59A4D800127692 /* RoundedShape.swift */; };
		B7E7263F2B59AFA500127692 /* Pallete.swift in Sources */ = {isa = PBXBuildFile; fileRef = B7E7263E2B59AFA500127692 /* Pallete.swift */; };
/* End PBXBuildFile section */

/* Begin PBXFileReference section */
		B71F69C92B5C81DC0041372C /* BikeStatApp.swift */ = {isa = PBXFileReference; lastKnownFileType = sourcecode.swift; path = BikeStatApp.swift; sourceTree = "<group>"; };
		B71F69CC2B5C832E0041372C /* HistoryView.swift */ = {isa = PBXFileReference; lastKnownFileType = sourcecode.swift; path = HistoryView.swift; sourceTree = "<group>"; };
		B75555022B4AB2CE003B93E3 /* Color.swift */ = {isa = PBXFileReference; lastKnownFileType = sourcecode.swift; path = Color.swift; sourceTree = "<group>"; };
		B75555052B4ABAB5003B93E3 /* Info.plist */ = {isa = PBXFileReference; lastKnownFileType = text.plist.xml; path = Info.plist; sourceTree = "<group>"; };
		B75555082B4AFC3D003B93E3 /* SettingsView.swift */ = {isa = PBXFileReference; lastKnownFileType = sourcecode.swift; path = SettingsView.swift; sourceTree = "<group>"; };
		B755550A2B4AFC5E003B93E3 /* SettingsViewModel.swift */ = {isa = PBXFileReference; lastKnownFileType = sourcecode.swift; path = SettingsViewModel.swift; sourceTree = "<group>"; };
		B75CB62F2B445EEB00CDF026 /* Date.swift */ = {isa = PBXFileReference; fileEncoding = 4; lastKnownFileType = sourcecode.swift; path = Date.swift; sourceTree = "<group>"; };
		B75CB6302B445EEB00CDF026 /* View.swift */ = {isa = PBXFileReference; fileEncoding = 4; lastKnownFileType = sourcecode.swift; path = View.swift; sourceTree = "<group>"; };
		B75CB6312B445EEB00CDF026 /* Int.swift */ = {isa = PBXFileReference; fileEncoding = 4; lastKnownFileType = sourcecode.swift; path = Int.swift; sourceTree = "<group>"; };
		B75CB6322B445EEB00CDF026 /* Internal.swift */ = {isa = PBXFileReference; fileEncoding = 4; lastKnownFileType = sourcecode.swift; path = Internal.swift; sourceTree = "<group>"; };
		B75CB6332B445EEB00CDF026 /* UINavigationController.swift */ = {isa = PBXFileReference; fileEncoding = 4; lastKnownFileType = sourcecode.swift; path = UINavigationController.swift; sourceTree = "<group>"; };
		B75CB6372B445EEC00CDF026 /* MainButtonStyle.swift */ = {isa = PBXFileReference; fileEncoding = 4; lastKnownFileType = sourcecode.swift; path = MainButtonStyle.swift; sourceTree = "<group>"; };
		B75CB63D2B445EEC00CDF026 /* RepresentableMapView.swift */ = {isa = PBXFileReference; fileEncoding = 4; lastKnownFileType = sourcecode.swift; path = RepresentableMapView.swift; sourceTree = "<group>"; };
		B75CB6402B445EEC00CDF026 /* HomeViewModel.swift */ = {isa = PBXFileReference; fileEncoding = 4; lastKnownFileType = sourcecode.swift; path = HomeViewModel.swift; sourceTree = "<group>"; };
		B75CB6412B445EEC00CDF026 /* HomeView.swift */ = {isa = PBXFileReference; fileEncoding = 4; lastKnownFileType = sourcecode.swift; path = HomeView.swift; sourceTree = "<group>"; };
		B75CB6432B445EEC00CDF026 /* RideView.swift */ = {isa = PBXFileReference; fileEncoding = 4; lastKnownFileType = sourcecode.swift; path = RideView.swift; sourceTree = "<group>"; };
		B75CB6442B445EEC00CDF026 /* RideViewModel.swift */ = {isa = PBXFileReference; fileEncoding = 4; lastKnownFileType = sourcecode.swift; path = RideViewModel.swift; sourceTree = "<group>"; };
		B75CB6482B445EEC00CDF026 /* MainNavigationView.swift */ = {isa = PBXFileReference; fileEncoding = 4; lastKnownFileType = sourcecode.swift; path = MainNavigationView.swift; sourceTree = "<group>"; };
		B75CB64B2B445EEC00CDF026 /* LocationManager.swift */ = {isa = PBXFileReference; fileEncoding = 4; lastKnownFileType = sourcecode.swift; path = LocationManager.swift; sourceTree = "<group>"; };
		B75CB64D2B445EEC00CDF026 /* NetworkManager.swift */ = {isa = PBXFileReference; fileEncoding = 4; lastKnownFileType = sourcecode.swift; path = NetworkManager.swift; sourceTree = "<group>"; };
		B75CB64F2B445EEC00CDF026 /* NetworkDataModels.swift */ = {isa = PBXFileReference; fileEncoding = 4; lastKnownFileType = sourcecode.swift; path = NetworkDataModels.swift; sourceTree = "<group>"; };
		B75CB6512B445EEC00CDF026 /* NavigationManager.swift */ = {isa = PBXFileReference; fileEncoding = 4; lastKnownFileType = sourcecode.swift; path = NavigationManager.swift; sourceTree = "<group>"; };
		B75CB6532B445EEC00CDF026 /* CoreDataManager.swift */ = {isa = PBXFileReference; fileEncoding = 4; lastKnownFileType = sourcecode.swift; path = CoreDataManager.swift; sourceTree = "<group>"; };
		B75CB6542B445EEC00CDF026 /* Persistence.swift */ = {isa = PBXFileReference; fileEncoding = 4; lastKnownFileType = sourcecode.swift; path = Persistence.swift; sourceTree = "<group>"; };
		B75CB6572B445EEC00CDF026 /* Rides.xcdatamodel */ = {isa = PBXFileReference; lastKnownFileType = wrapper.xcdatamodel; path = Rides.xcdatamodel; sourceTree = "<group>"; };
		B75CB6592B445EEC00CDF026 /* RideSpeedInfoModel.swift */ = {isa = PBXFileReference; fileEncoding = 4; lastKnownFileType = sourcecode.swift; path = RideSpeedInfoModel.swift; sourceTree = "<group>"; };
		B75CB65A2B445EEC00CDF026 /* RidePulseInfoModel.swift */ = {isa = PBXFileReference; fileEncoding = 4; lastKnownFileType = sourcecode.swift; path = RidePulseInfoModel.swift; sourceTree = "<group>"; };
		B75CB65C2B445EEC00CDF026 /* Impact.swift */ = {isa = PBXFileReference; fileEncoding = 4; lastKnownFileType = sourcecode.swift; path = Impact.swift; sourceTree = "<group>"; };
		B75CB65F2B445EEC00CDF026 /* Strings.swift */ = {isa = PBXFileReference; fileEncoding = 4; lastKnownFileType = sourcecode.swift; path = Strings.swift; sourceTree = "<group>"; };
		B75CB6602B445EEC00CDF026 /* Assets.xcassets */ = {isa = PBXFileReference; lastKnownFileType = folder.assetcatalog; path = Assets.xcassets; sourceTree = "<group>"; };
		B75CB6622B445EEC00CDF026 /* Preview Assets.xcassets */ = {isa = PBXFileReference; lastKnownFileType = folder.assetcatalog; path = "Preview Assets.xcassets"; sourceTree = "<group>"; };
		B75CB6652B445EEC00CDF026 /* Images.swift */ = {isa = PBXFileReference; fileEncoding = 4; lastKnownFileType = sourcecode.swift; path = Images.swift; sourceTree = "<group>"; };
		B75CB6672B445EEC00CDF026 /* Localizable.swift */ = {isa = PBXFileReference; fileEncoding = 4; lastKnownFileType = sourcecode.swift; path = Localizable.swift; sourceTree = "<group>"; };
		B77F82D82B5D60320044EDB3 /* TimeInterval.swift */ = {isa = PBXFileReference; lastKnownFileType = sourcecode.swift; path = TimeInterval.swift; sourceTree = "<group>"; };
		B79DDF6D2B5C63C100EC9123 /* PlanningViewModel.swift */ = {isa = PBXFileReference; lastKnownFileType = sourcecode.swift; path = PlanningViewModel.swift; sourceTree = "<group>"; };
		B7AA14022B52F7E5009616CD /* RideInfoView.swift */ = {isa = PBXFileReference; lastKnownFileType = sourcecode.swift; path = RideInfoView.swift; sourceTree = "<group>"; };
		B7D714C12B3B441A007FD89F /* BikeStat.app */ = {isa = PBXFileReference; explicitFileType = wrapper.application; includeInIndex = 0; path = BikeStat.app; sourceTree = BUILT_PRODUCTS_DIR; };
		B7E726392B598F7D00127692 /* PlanningView.swift */ = {isa = PBXFileReference; lastKnownFileType = sourcecode.swift; path = PlanningView.swift; sourceTree = "<group>"; };
		B7E7263C2B59A4D800127692 /* RoundedShape.swift */ = {isa = PBXFileReference; lastKnownFileType = sourcecode.swift; path = RoundedShape.swift; sourceTree = "<group>"; };
		B7E7263E2B59AFA500127692 /* Pallete.swift */ = {isa = PBXFileReference; lastKnownFileType = sourcecode.swift; path = Pallete.swift; sourceTree = "<group>"; };
/* End PBXFileReference section */

/* Begin PBXFrameworksBuildPhase section */
		B7D714BE2B3B441A007FD89F /* Frameworks */ = {
			isa = PBXFrameworksBuildPhase;
			buildActionMask = 2147483647;
			files = (
			);
			runOnlyForDeploymentPostprocessing = 0;
		};
/* End PBXFrameworksBuildPhase section */

/* Begin PBXGroup section */
		B71F69CB2B5C83260041372C /* History */ = {
			isa = PBXGroup;
			children = (
				B71F69CC2B5C832E0041372C /* HistoryView.swift */,
			);
			path = History;
			sourceTree = "<group>";
		};
		B75555042B4AB3C0003B93E3 /* Assets */ = {
			isa = PBXGroup;
			children = (
				B75CB6602B445EEC00CDF026 /* Assets.xcassets */,
			);
			path = Assets;
			sourceTree = "<group>";
		};
		B75555062B4ABAF3003B93E3 /* Info */ = {
			isa = PBXGroup;
			children = (
				B75555052B4ABAB5003B93E3 /* Info.plist */,
			);
			path = Info;
			sourceTree = "<group>";
		};
		B75555072B4AFC1A003B93E3 /* Settings */ = {
			isa = PBXGroup;
			children = (
				B75555082B4AFC3D003B93E3 /* SettingsView.swift */,
				B755550A2B4AFC5E003B93E3 /* SettingsViewModel.swift */,
			);
			path = Settings;
			sourceTree = "<group>";
		};
		B75CB62E2B445EEB00CDF026 /* Extension */ = {
			isa = PBXGroup;
			children = (
				B75CB62F2B445EEB00CDF026 /* Date.swift */,
				B75CB6302B445EEB00CDF026 /* View.swift */,
				B75CB6312B445EEB00CDF026 /* Int.swift */,
				B75CB6322B445EEB00CDF026 /* Internal.swift */,
				B75CB6332B445EEB00CDF026 /* UINavigationController.swift */,
				B75555022B4AB2CE003B93E3 /* Color.swift */,
				B77F82D82B5D60320044EDB3 /* TimeInterval.swift */,
			);
			path = Extension;
			sourceTree = "<group>";
		};
		B75CB6342B445EEC00CDF026 /* PresentationLayer */ = {
			isa = PBXGroup;
			children = (
				B75CB6352B445EEC00CDF026 /* Components */,
				B75CB63E2B445EEC00CDF026 /* Modules */,
			);
			path = PresentationLayer;
			sourceTree = "<group>";
		};
		B75CB6352B445EEC00CDF026 /* Components */ = {
			isa = PBXGroup;
			children = (
				B7E7263B2B59A4D400127692 /* Internal */,
				B75CB6362B445EEC00CDF026 /* ButtonStyles */,
				B75CB63C2B445EEC00CDF026 /* Representable */,
			);
			path = Components;
			sourceTree = "<group>";
		};
		B75CB6362B445EEC00CDF026 /* ButtonStyles */ = {
			isa = PBXGroup;
			children = (
				B75CB6372B445EEC00CDF026 /* MainButtonStyle.swift */,
			);
			path = ButtonStyles;
			sourceTree = "<group>";
		};
		B75CB63C2B445EEC00CDF026 /* Representable */ = {
			isa = PBXGroup;
			children = (
				B75CB63D2B445EEC00CDF026 /* RepresentableMapView.swift */,
			);
			path = Representable;
			sourceTree = "<group>";
		};
		B75CB63E2B445EEC00CDF026 /* Modules */ = {
			isa = PBXGroup;
			children = (
				B75CB6472B445EEC00CDF026 /* Navigation */,
				B75CB63F2B445EEC00CDF026 /* Home */,
				B7E726382B598F6F00127692 /* Planning */,
				B75CB6422B445EEC00CDF026 /* Ride */,
				B7AA14012B52F7D8009616CD /* RideInfo */,
				B71F69CB2B5C83260041372C /* History */,
				B75555072B4AFC1A003B93E3 /* Settings */,
			);
			path = Modules;
			sourceTree = "<group>";
		};
		B75CB63F2B445EEC00CDF026 /* Home */ = {
			isa = PBXGroup;
			children = (
				B75CB6412B445EEC00CDF026 /* HomeView.swift */,
				B75CB6402B445EEC00CDF026 /* HomeViewModel.swift */,
			);
			path = Home;
			sourceTree = "<group>";
		};
		B75CB6422B445EEC00CDF026 /* Ride */ = {
			isa = PBXGroup;
			children = (
				B75CB6432B445EEC00CDF026 /* RideView.swift */,
				B75CB6442B445EEC00CDF026 /* RideViewModel.swift */,
			);
			path = Ride;
			sourceTree = "<group>";
		};
		B75CB6472B445EEC00CDF026 /* Navigation */ = {
			isa = PBXGroup;
			children = (
				B75CB6482B445EEC00CDF026 /* MainNavigationView.swift */,
			);
			path = Navigation;
			sourceTree = "<group>";
		};
		B75CB6492B445EEC00CDF026 /* Service */ = {
			isa = PBXGroup;
			children = (
				B75CB64A2B445EEC00CDF026 /* Location */,
				B75CB64C2B445EEC00CDF026 /* Network */,
				B75CB6502B445EEC00CDF026 /* Navigation */,
				B75CB6522B445EEC00CDF026 /* Storage */,
				B75CB65B2B445EEC00CDF026 /* Impact */,
			);
			path = Service;
			sourceTree = "<group>";
		};
		B75CB64A2B445EEC00CDF026 /* Location */ = {
			isa = PBXGroup;
			children = (
				B75CB64B2B445EEC00CDF026 /* LocationManager.swift */,
			);
			path = Location;
			sourceTree = "<group>";
		};
		B75CB64C2B445EEC00CDF026 /* Network */ = {
			isa = PBXGroup;
			children = (
				B75CB64D2B445EEC00CDF026 /* NetworkManager.swift */,
				B75CB64E2B445EEC00CDF026 /* Model */,
			);
			path = Network;
			sourceTree = "<group>";
		};
		B75CB64E2B445EEC00CDF026 /* Model */ = {
			isa = PBXGroup;
			children = (
				B75CB64F2B445EEC00CDF026 /* NetworkDataModels.swift */,
			);
			path = Model;
			sourceTree = "<group>";
		};
		B75CB6502B445EEC00CDF026 /* Navigation */ = {
			isa = PBXGroup;
			children = (
				B75CB6512B445EEC00CDF026 /* NavigationManager.swift */,
			);
			path = Navigation;
			sourceTree = "<group>";
		};
		B75CB6522B445EEC00CDF026 /* Storage */ = {
			isa = PBXGroup;
			children = (
				B75CB6532B445EEC00CDF026 /* CoreDataManager.swift */,
				B75CB6542B445EEC00CDF026 /* Persistence.swift */,
				B75CB6552B445EEC00CDF026 /* Container */,
				B75CB6582B445EEC00CDF026 /* Model */,
			);
			path = Storage;
			sourceTree = "<group>";
		};
		B75CB6552B445EEC00CDF026 /* Container */ = {
			isa = PBXGroup;
			children = (
				B75CB6562B445EEC00CDF026 /* Rides.xcdatamodeld */,
			);
			path = Container;
			sourceTree = "<group>";
		};
		B75CB6582B445EEC00CDF026 /* Model */ = {
			isa = PBXGroup;
			children = (
				B75CB6592B445EEC00CDF026 /* RideSpeedInfoModel.swift */,
				B75CB65A2B445EEC00CDF026 /* RidePulseInfoModel.swift */,
			);
			path = Model;
			sourceTree = "<group>";
		};
		B75CB65B2B445EEC00CDF026 /* Impact */ = {
			isa = PBXGroup;
			children = (
				B75CB65C2B445EEC00CDF026 /* Impact.swift */,
			);
			path = Impact;
			sourceTree = "<group>";
		};
		B75CB65E2B445EEC00CDF026 /* Common */ = {
			isa = PBXGroup;
			children = (
				B75555062B4ABAF3003B93E3 /* Info */,
				B75555042B4AB3C0003B93E3 /* Assets */,
				B75CB6612B445EEC00CDF026 /* Preview Content */,
				B75CB6662B445EEC00CDF026 /* Localizable */,
				B75CB6652B445EEC00CDF026 /* Images.swift */,
				B7E7263E2B59AFA500127692 /* Pallete.swift */,
				B75CB65F2B445EEC00CDF026 /* Strings.swift */,
			);
			path = Common;
			sourceTree = "<group>";
		};
		B75CB6612B445EEC00CDF026 /* Preview Content */ = {
			isa = PBXGroup;
			children = (
				B75CB6622B445EEC00CDF026 /* Preview Assets.xcassets */,
			);
			path = "Preview Content";
			sourceTree = "<group>";
		};
		B75CB6662B445EEC00CDF026 /* Localizable */ = {
			isa = PBXGroup;
			children = (
				B75CB6672B445EEC00CDF026 /* Localizable.swift */,
			);
			path = Localizable;
			sourceTree = "<group>";
		};
		B7AA14012B52F7D8009616CD /* RideInfo */ = {
			isa = PBXGroup;
			children = (
				B7AA14022B52F7E5009616CD /* RideInfoView.swift */,
			);
			path = RideInfo;
			sourceTree = "<group>";
		};
		B7D714B82B3B441A007FD89F = {
			isa = PBXGroup;
			children = (
				B7D714C32B3B441A007FD89F /* BikeStat */,
				B7D714C22B3B441A007FD89F /* Products */,
			);
			sourceTree = "<group>";
		};
		B7D714C22B3B441A007FD89F /* Products */ = {
			isa = PBXGroup;
			children = (
				B7D714C12B3B441A007FD89F /* BikeStat.app */,
			);
			name = Products;
			sourceTree = "<group>";
		};
		B7D714C32B3B441A007FD89F /* BikeStat */ = {
			isa = PBXGroup;
			children = (
				B71F69C92B5C81DC0041372C /* BikeStatApp.swift */,
				B75CB65E2B445EEC00CDF026 /* Common */,
				B75CB6492B445EEC00CDF026 /* Service */,
				B75CB62E2B445EEB00CDF026 /* Extension */,
				B75CB6342B445EEC00CDF026 /* PresentationLayer */,
			);
			path = BikeStat;
			sourceTree = "<group>";
		};
		B7E726382B598F6F00127692 /* Planning */ = {
			isa = PBXGroup;
			children = (
				B7E726392B598F7D00127692 /* PlanningView.swift */,
				B79DDF6D2B5C63C100EC9123 /* PlanningViewModel.swift */,
			);
			path = Planning;
			sourceTree = "<group>";
		};
		B7E7263B2B59A4D400127692 /* Internal */ = {
			isa = PBXGroup;
			children = (
				B7E7263C2B59A4D800127692 /* RoundedShape.swift */,
			);
			path = Internal;
			sourceTree = "<group>";
		};
/* End PBXGroup section */

/* Begin PBXNativeTarget section */
		B7D714C02B3B441A007FD89F /* BikeStat */ = {
			isa = PBXNativeTarget;
			buildConfigurationList = B7D714CF2B3B441B007FD89F /* Build configuration list for PBXNativeTarget "BikeStat" */;
			buildPhases = (
				B7D714BD2B3B441A007FD89F /* Sources */,
				B7D714BE2B3B441A007FD89F /* Frameworks */,
				B7D714BF2B3B441A007FD89F /* Resources */,
			);
			buildRules = (
			);
			dependencies = (
			);
			name = BikeStat;
			productName = BikeStat;
			productReference = B7D714C12B3B441A007FD89F /* BikeStat.app */;
			productType = "com.apple.product-type.application";
		};
/* End PBXNativeTarget section */

/* Begin PBXProject section */
		B7D714B92B3B441A007FD89F /* Project object */ = {
			isa = PBXProject;
			attributes = {
				BuildIndependentTargetsInParallel = 1;
				LastSwiftUpdateCheck = 1500;
				LastUpgradeCheck = 1500;
				TargetAttributes = {
					B7D714C02B3B441A007FD89F = {
						CreatedOnToolsVersion = 15.0;
					};
				};
			};
			buildConfigurationList = B7D714BC2B3B441A007FD89F /* Build configuration list for PBXProject "BikeStat" */;
			compatibilityVersion = "Xcode 14.0";
			developmentRegion = en;
			hasScannedForEncodings = 0;
			knownRegions = (
				en,
				Base,
			);
			mainGroup = B7D714B82B3B441A007FD89F;
			productRefGroup = B7D714C22B3B441A007FD89F /* Products */;
			projectDirPath = "";
			projectRoot = "";
			targets = (
				B7D714C02B3B441A007FD89F /* BikeStat */,
			);
		};
/* End PBXProject section */

/* Begin PBXResourcesBuildPhase section */
		B7D714BF2B3B441A007FD89F /* Resources */ = {
			isa = PBXResourcesBuildPhase;
			buildActionMask = 2147483647;
			files = (
				B75CB6842B445EEC00CDF026 /* Preview Assets.xcassets in Resources */,
				B75CB6832B445EEC00CDF026 /* Assets.xcassets in Resources */,
			);
			runOnlyForDeploymentPostprocessing = 0;
		};
/* End PBXResourcesBuildPhase section */

/* Begin PBXSourcesBuildPhase section */
		B7D714BD2B3B441A007FD89F /* Sources */ = {
			isa = PBXSourcesBuildPhase;
			buildActionMask = 2147483647;
			files = (
				B75CB6782B445EEC00CDF026 /* NetworkManager.swift in Sources */,
				B77F82D92B5D60320044EDB3 /* TimeInterval.swift in Sources */,
				B75CB6772B445EEC00CDF026 /* LocationManager.swift in Sources */,
				B75CB6792B445EEC00CDF026 /* NetworkDataModels.swift in Sources */,
				B71F69CA2B5C81DC0041372C /* BikeStatApp.swift in Sources */,
				B75CB6712B445EEC00CDF026 /* HomeViewModel.swift in Sources */,
				B75CB67E2B445EEC00CDF026 /* RideSpeedInfoModel.swift in Sources */,
				B75CB6822B445EEC00CDF026 /* Strings.swift in Sources */,
				B71F69CD2B5C832E0041372C /* HistoryView.swift in Sources */,
				B75CB6682B445EEC00CDF026 /* Date.swift in Sources */,
				B7E7263F2B59AFA500127692 /* Pallete.swift in Sources */,
				B75CB6762B445EEC00CDF026 /* MainNavigationView.swift in Sources */,
				B7AA14032B52F7E5009616CD /* RideInfoView.swift in Sources */,
				B75CB6692B445EEC00CDF026 /* View.swift in Sources */,
				B75CB6862B445EEC00CDF026 /* Images.swift in Sources */,
				B75CB67A2B445EEC00CDF026 /* NavigationManager.swift in Sources */,
				B75CB6802B445EEC00CDF026 /* Impact.swift in Sources */,
				B75CB67D2B445EEC00CDF026 /* Rides.xcdatamodeld in Sources */,
				B7E7263D2B59A4D800127692 /* RoundedShape.swift in Sources */,
				B75CB67C2B445EEC00CDF026 /* Persistence.swift in Sources */,
				B75CB66C2B445EEC00CDF026 /* UINavigationController.swift in Sources */,
				B755550B2B4AFC5E003B93E3 /* SettingsViewModel.swift in Sources */,
				B75CB67B2B445EEC00CDF026 /* CoreDataManager.swift in Sources */,
				B75555032B4AB2CE003B93E3 /* Color.swift in Sources */,
				B75CB6732B445EEC00CDF026 /* RideView.swift in Sources */,
				B75CB66B2B445EEC00CDF026 /* Internal.swift in Sources */,
				B75CB6872B445EEC00CDF026 /* Localizable.swift in Sources */,
				B79DDF6E2B5C63C200EC9123 /* PlanningViewModel.swift in Sources */,
				B75555092B4AFC3D003B93E3 /* SettingsView.swift in Sources */,
				B75CB67F2B445EEC00CDF026 /* RidePulseInfoModel.swift in Sources */,
				B75CB6742B445EEC00CDF026 /* RideViewModel.swift in Sources */,
				B75CB66A2B445EEC00CDF026 /* Int.swift in Sources */,
				B7E7263A2B598F7D00127692 /* PlanningView.swift in Sources */,
				B75CB6722B445EEC00CDF026 /* HomeView.swift in Sources */,
				B75CB6702B445EEC00CDF026 /* RepresentableMapView.swift in Sources */,
				B75CB66D2B445EEC00CDF026 /* MainButtonStyle.swift in Sources */,
			);
			runOnlyForDeploymentPostprocessing = 0;
		};
/* End PBXSourcesBuildPhase section */

/* Begin XCBuildConfiguration section */
		B7D714CD2B3B441B007FD89F /* Debug */ = {
			isa = XCBuildConfiguration;
			buildSettings = {
				ALWAYS_SEARCH_USER_PATHS = NO;
				ASSETCATALOG_COMPILER_GENERATE_SWIFT_ASSET_SYMBOL_EXTENSIONS = YES;
				CLANG_ANALYZER_NONNULL = YES;
				CLANG_ANALYZER_NUMBER_OBJECT_CONVERSION = YES_AGGRESSIVE;
				CLANG_CXX_LANGUAGE_STANDARD = "gnu++20";
				CLANG_ENABLE_MODULES = YES;
				CLANG_ENABLE_OBJC_ARC = YES;
				CLANG_ENABLE_OBJC_WEAK = YES;
				CLANG_WARN_BLOCK_CAPTURE_AUTORELEASING = YES;
				CLANG_WARN_BOOL_CONVERSION = YES;
				CLANG_WARN_COMMA = YES;
				CLANG_WARN_CONSTANT_CONVERSION = YES;
				CLANG_WARN_DEPRECATED_OBJC_IMPLEMENTATIONS = YES;
				CLANG_WARN_DIRECT_OBJC_ISA_USAGE = YES_ERROR;
				CLANG_WARN_DOCUMENTATION_COMMENTS = YES;
				CLANG_WARN_EMPTY_BODY = YES;
				CLANG_WARN_ENUM_CONVERSION = YES;
				CLANG_WARN_INFINITE_RECURSION = YES;
				CLANG_WARN_INT_CONVERSION = YES;
				CLANG_WARN_NON_LITERAL_NULL_CONVERSION = YES;
				CLANG_WARN_OBJC_IMPLICIT_RETAIN_SELF = YES;
				CLANG_WARN_OBJC_LITERAL_CONVERSION = YES;
				CLANG_WARN_OBJC_ROOT_CLASS = YES_ERROR;
				CLANG_WARN_QUOTED_INCLUDE_IN_FRAMEWORK_HEADER = YES;
				CLANG_WARN_RANGE_LOOP_ANALYSIS = YES;
				CLANG_WARN_STRICT_PROTOTYPES = YES;
				CLANG_WARN_SUSPICIOUS_MOVE = YES;
				CLANG_WARN_UNGUARDED_AVAILABILITY = YES_AGGRESSIVE;
				CLANG_WARN_UNREACHABLE_CODE = YES;
				CLANG_WARN__DUPLICATE_METHOD_MATCH = YES;
				COPY_PHASE_STRIP = NO;
				DEBUG_INFORMATION_FORMAT = dwarf;
				ENABLE_STRICT_OBJC_MSGSEND = YES;
				ENABLE_TESTABILITY = YES;
				ENABLE_USER_SCRIPT_SANDBOXING = YES;
				GCC_C_LANGUAGE_STANDARD = gnu17;
				GCC_DYNAMIC_NO_PIC = NO;
				GCC_NO_COMMON_BLOCKS = YES;
				GCC_OPTIMIZATION_LEVEL = 0;
				GCC_PREPROCESSOR_DEFINITIONS = (
					"DEBUG=1",
					"$(inherited)",
				);
				GCC_WARN_64_TO_32_BIT_CONVERSION = YES;
				GCC_WARN_ABOUT_RETURN_TYPE = YES_ERROR;
				GCC_WARN_UNDECLARED_SELECTOR = YES;
				GCC_WARN_UNINITIALIZED_AUTOS = YES_AGGRESSIVE;
				GCC_WARN_UNUSED_FUNCTION = YES;
				GCC_WARN_UNUSED_VARIABLE = YES;
				IPHONEOS_DEPLOYMENT_TARGET = 17.0;
				LOCALIZATION_PREFERS_STRING_CATALOGS = YES;
				MTL_ENABLE_DEBUG_INFO = INCLUDE_SOURCE;
				MTL_FAST_MATH = YES;
				ONLY_ACTIVE_ARCH = YES;
				SDKROOT = iphoneos;
				SWIFT_ACTIVE_COMPILATION_CONDITIONS = "DEBUG $(inherited)";
				SWIFT_OPTIMIZATION_LEVEL = "-Onone";
			};
			name = Debug;
		};
		B7D714CE2B3B441B007FD89F /* Release */ = {
			isa = XCBuildConfiguration;
			buildSettings = {
				ALWAYS_SEARCH_USER_PATHS = NO;
				ASSETCATALOG_COMPILER_GENERATE_SWIFT_ASSET_SYMBOL_EXTENSIONS = YES;
				CLANG_ANALYZER_NONNULL = YES;
				CLANG_ANALYZER_NUMBER_OBJECT_CONVERSION = YES_AGGRESSIVE;
				CLANG_CXX_LANGUAGE_STANDARD = "gnu++20";
				CLANG_ENABLE_MODULES = YES;
				CLANG_ENABLE_OBJC_ARC = YES;
				CLANG_ENABLE_OBJC_WEAK = YES;
				CLANG_WARN_BLOCK_CAPTURE_AUTORELEASING = YES;
				CLANG_WARN_BOOL_CONVERSION = YES;
				CLANG_WARN_COMMA = YES;
				CLANG_WARN_CONSTANT_CONVERSION = YES;
				CLANG_WARN_DEPRECATED_OBJC_IMPLEMENTATIONS = YES;
				CLANG_WARN_DIRECT_OBJC_ISA_USAGE = YES_ERROR;
				CLANG_WARN_DOCUMENTATION_COMMENTS = YES;
				CLANG_WARN_EMPTY_BODY = YES;
				CLANG_WARN_ENUM_CONVERSION = YES;
				CLANG_WARN_INFINITE_RECURSION = YES;
				CLANG_WARN_INT_CONVERSION = YES;
				CLANG_WARN_NON_LITERAL_NULL_CONVERSION = YES;
				CLANG_WARN_OBJC_IMPLICIT_RETAIN_SELF = YES;
				CLANG_WARN_OBJC_LITERAL_CONVERSION = YES;
				CLANG_WARN_OBJC_ROOT_CLASS = YES_ERROR;
				CLANG_WARN_QUOTED_INCLUDE_IN_FRAMEWORK_HEADER = YES;
				CLANG_WARN_RANGE_LOOP_ANALYSIS = YES;
				CLANG_WARN_STRICT_PROTOTYPES = YES;
				CLANG_WARN_SUSPICIOUS_MOVE = YES;
				CLANG_WARN_UNGUARDED_AVAILABILITY = YES_AGGRESSIVE;
				CLANG_WARN_UNREACHABLE_CODE = YES;
				CLANG_WARN__DUPLICATE_METHOD_MATCH = YES;
				COPY_PHASE_STRIP = NO;
				DEBUG_INFORMATION_FORMAT = "dwarf-with-dsym";
				ENABLE_NS_ASSERTIONS = NO;
				ENABLE_STRICT_OBJC_MSGSEND = YES;
				ENABLE_USER_SCRIPT_SANDBOXING = YES;
				GCC_C_LANGUAGE_STANDARD = gnu17;
				GCC_NO_COMMON_BLOCKS = YES;
				GCC_WARN_64_TO_32_BIT_CONVERSION = YES;
				GCC_WARN_ABOUT_RETURN_TYPE = YES_ERROR;
				GCC_WARN_UNDECLARED_SELECTOR = YES;
				GCC_WARN_UNINITIALIZED_AUTOS = YES_AGGRESSIVE;
				GCC_WARN_UNUSED_FUNCTION = YES;
				GCC_WARN_UNUSED_VARIABLE = YES;
				IPHONEOS_DEPLOYMENT_TARGET = 17.0;
				LOCALIZATION_PREFERS_STRING_CATALOGS = YES;
				MTL_ENABLE_DEBUG_INFO = NO;
				MTL_FAST_MATH = YES;
				SDKROOT = iphoneos;
				SWIFT_COMPILATION_MODE = wholemodule;
				VALIDATE_PRODUCT = YES;
			};
			name = Release;
		};
		B7D714D02B3B441B007FD89F /* Debug */ = {
			isa = XCBuildConfiguration;
			buildSettings = {
				ASSETCATALOG_COMPILER_APPICON_NAME = AppIcon;
				ASSETCATALOG_COMPILER_GLOBAL_ACCENT_COLOR_NAME = AccentColor;
				CODE_SIGN_STYLE = Automatic;
				CURRENT_PROJECT_VERSION = 1;
				DEVELOPMENT_ASSET_PATHS = "\"BikeStat/Common/Preview Content\"";
				DEVELOPMENT_TEAM = 7HDF545ZQ6;
				ENABLE_PREVIEWS = YES;
				GENERATE_INFOPLIST_FILE = YES;
				INFOPLIST_FILE = BikeStat/Common/Info/Info.plist;
				INFOPLIST_KEY_NSLocationWhenInUseUsageDescription = "";
				INFOPLIST_KEY_UIApplicationSceneManifest_Generation = YES;
				INFOPLIST_KEY_UIApplicationSupportsIndirectInputEvents = YES;
				INFOPLIST_KEY_UILaunchScreen_Generation = YES;
				INFOPLIST_KEY_UISupportedInterfaceOrientations_iPad = "UIInterfaceOrientationPortrait UIInterfaceOrientationPortraitUpsideDown UIInterfaceOrientationLandscapeLeft UIInterfaceOrientationLandscapeRight";
				INFOPLIST_KEY_UISupportedInterfaceOrientations_iPhone = "UIInterfaceOrientationPortrait UIInterfaceOrientationLandscapeLeft UIInterfaceOrientationLandscapeRight";
				IPHONEOS_DEPLOYMENT_TARGET = 16.0;
				LD_RUNPATH_SEARCH_PATHS = (
					"$(inherited)",
					"@executable_path/Frameworks",
				);
				MARKETING_VERSION = 1.1;
				PRODUCT_BUNDLE_IDENTIFIER = kupriyanov.BikeStat;
				PRODUCT_NAME = "$(TARGET_NAME)";
				SWIFT_EMIT_LOC_STRINGS = YES;
				SWIFT_VERSION = 5.0;
				TARGETED_DEVICE_FAMILY = "1,2";
			};
			name = Debug;
		};
		B7D714D12B3B441B007FD89F /* Release */ = {
			isa = XCBuildConfiguration;
			buildSettings = {
				ASSETCATALOG_COMPILER_APPICON_NAME = AppIcon;
				ASSETCATALOG_COMPILER_GLOBAL_ACCENT_COLOR_NAME = AccentColor;
				CODE_SIGN_STYLE = Automatic;
				CURRENT_PROJECT_VERSION = 1;
				DEVELOPMENT_ASSET_PATHS = "\"BikeStat/Common/Preview Content\"";
				DEVELOPMENT_TEAM = 7HDF545ZQ6;
				ENABLE_PREVIEWS = YES;
				GENERATE_INFOPLIST_FILE = YES;
				INFOPLIST_FILE = BikeStat/Common/Info/Info.plist;
				INFOPLIST_KEY_NSLocationWhenInUseUsageDescription = "";
				INFOPLIST_KEY_UIApplicationSceneManifest_Generation = YES;
				INFOPLIST_KEY_UIApplicationSupportsIndirectInputEvents = YES;
				INFOPLIST_KEY_UILaunchScreen_Generation = YES;
				INFOPLIST_KEY_UISupportedInterfaceOrientations_iPad = "UIInterfaceOrientationPortrait UIInterfaceOrientationPortraitUpsideDown UIInterfaceOrientationLandscapeLeft UIInterfaceOrientationLandscapeRight";
				INFOPLIST_KEY_UISupportedInterfaceOrientations_iPhone = "UIInterfaceOrientationPortrait UIInterfaceOrientationLandscapeLeft UIInterfaceOrientationLandscapeRight";
				IPHONEOS_DEPLOYMENT_TARGET = 16.0;
				LD_RUNPATH_SEARCH_PATHS = (
					"$(inherited)",
					"@executable_path/Frameworks",
				);
				MARKETING_VERSION = 1.1;
				PRODUCT_BUNDLE_IDENTIFIER = kupriyanov.BikeStat;
				PRODUCT_NAME = "$(TARGET_NAME)";
				SWIFT_EMIT_LOC_STRINGS = YES;
				SWIFT_VERSION = 5.0;
				TARGETED_DEVICE_FAMILY = "1,2";
			};
			name = Release;
		};
/* End XCBuildConfiguration section */

/* Begin XCConfigurationList section */
		B7D714BC2B3B441A007FD89F /* Build configuration list for PBXProject "BikeStat" */ = {
			isa = XCConfigurationList;
			buildConfigurations = (
				B7D714CD2B3B441B007FD89F /* Debug */,
				B7D714CE2B3B441B007FD89F /* Release */,
			);
			defaultConfigurationIsVisible = 0;
			defaultConfigurationName = Release;
		};
		B7D714CF2B3B441B007FD89F /* Build configuration list for PBXNativeTarget "BikeStat" */ = {
			isa = XCConfigurationList;
			buildConfigurations = (
				B7D714D02B3B441B007FD89F /* Debug */,
				B7D714D12B3B441B007FD89F /* Release */,
			);
			defaultConfigurationIsVisible = 0;
			defaultConfigurationName = Release;
		};
/* End XCConfigurationList section */

/* Begin XCVersionGroup section */
		B75CB6562B445EEC00CDF026 /* Rides.xcdatamodeld */ = {
			isa = XCVersionGroup;
			children = (
				B75CB6572B445EEC00CDF026 /* Rides.xcdatamodel */,
			);
			currentVersion = B75CB6572B445EEC00CDF026 /* Rides.xcdatamodel */;
			path = Rides.xcdatamodeld;
			sourceTree = "<group>";
			versionGroupType = wrapper.xcdatamodel;
		};
/* End XCVersionGroup section */
	};
	rootObject = B7D714B92B3B441A007FD89F /* Project object */;
}
